
Microsoft Visual Studio Solution File, Format Version 12.00
# Visual Studio 2013
VisualStudioVersion = 12.0.21005.1
MinimumVisualStudioVersion = 10.0.40219.1
Project("{FAE04EC0-301F-11D3-BF4B-00C04F79EFBC}") = "01. TwoFourEight", "TwoFourEight\01. TwoFourEight.csproj", "{E8F77CB0-4DEA-4415-B0DA-394701134D8E}"
EndProject
Project("{FAE04EC0-301F-11D3-BF4B-00C04F79EFBC}") = "02. CodeStreetNightmare", "CodeStreetNightmare\02. CodeStreetNightmare.csproj", "{C1F61C51-0E25-49AE-8895-A9733AD10E51}"
EndProject
Project("{FAE04EC0-301F-11D3-BF4B-00C04F79EFBC}") = "04. KaspichaniaBoats", "KaspichaniaBoats\04. KaspichaniaBoats.csproj", "{3D9F1E6D-9430-4B02-A453-1C11B08662DF}"
EndProject
Project("{FAE04EC0-301F-11D3-BF4B-00C04F79EFBC}") = "03. Enigmanation", "Enigmanation\03. Enigmanation.csproj", "{EBC94C3C-7C6C-4364-B50F-F67EA84B2D1A}"
EndProject
Project("{FAE04EC0-301F-11D3-BF4B-00C04F79EFBC}") = "05. GameOfPage", "GameOfPage\05. GameOfPage.csproj", "{1EF365A6-A441-4CD3-8672-CCAEEB763E39}"
EndProject
Global
	GlobalSection(SolutionConfigurationPlatforms) = preSolution
		Debug|Any CPU = Debug|Any CPU
		Release|Any CPU = Release|Any CPU
	EndGlobalSection
	GlobalSection(ProjectConfigurationPlatforms) = postSolution
		{E8F77CB0-4DEA-4415-B0DA-394701134D8E}.Debug|Any CPU.ActiveCfg = Debug|Any CPU
		{E8F77CB0-4DEA-4415-B0DA-394701134D8E}.Debug|Any CPU.Build.0 = Debug|Any CPU
		{E8F77CB0-4DEA-4415-B0DA-394701134D8E}.Release|Any CPU.ActiveCfg = Release|Any CPU
		{E8F77CB0-4DEA-4415-B0DA-394701134D8E}.Release|Any CPU.Build.0 = Release|Any CPU
		{C1F61C51-0E25-49AE-8895-A9733AD10E51}.Debug|Any CPU.ActiveCfg = Debug|Any CPU
		{C1F61C51-0E25-49AE-8895-A9733AD10E51}.Debug|Any CPU.Build.0 = Debug|Any CPU
		{C1F61C51-0E25-49AE-8895-A9733AD10E51}.Release|Any CPU.ActiveCfg = Release|Any CPU
		{C1F61C51-0E25-49AE-8895-A9733AD10E51}.Release|Any CPU.Build.0 = Release|Any CPU
		{3D9F1E6D-9430-4B02-A453-1C11B08662DF}.Debug|Any CPU.ActiveCfg = Debug|Any CPU
		{3D9F1E6D-9430-4B02-A453-1C11B08662DF}.Debug|Any CPU.Build.0 = Debug|Any CPU
		{3D9F1E6D-9430-4B02-A453-1C11B08662DF}.Release|Any CPU.ActiveCfg = Release|Any CPU
		{3D9F1E6D-9430-4B02-A453-1C11B08662DF}.Release|Any CPU.Build.0 = Release|Any CPU
		{EBC94C3C-7C6C-4364-B50F-F67EA84B2D1A}.Debug|Any CPU.ActiveCfg = Debug|Any CPU
		{EBC94C3C-7C6C-4364-B50F-F67EA84B2D1A}.Debug|Any CPU.Build.0 = Debug|Any CPU
		{EBC94C3C-7C6C-4364-B50F-F67EA84B2D1A}.Release|Any CPU.ActiveCfg = Release|Any CPU
		{EBC94C3C-7C6C-4364-B50F-F67EA84B2D1A}.Release|Any CPU.Build.0 = Release|Any CPU
		{1EF365A6-A441-4CD3-8672-CCAEEB763E39}.Debug|Any CPU.ActiveCfg = Debug|Any CPU
		{1EF365A6-A441-4CD3-8672-CCAEEB763E39}.Debug|Any CPU.Build.0 = Debug|Any CPU
		{1EF365A6-A441-4CD3-8672-CCAEEB763E39}.Release|Any CPU.ActiveCfg = Release|Any CPU
		{1EF365A6-A441-4CD3-8672-CCAEEB763E39}.Release|Any CPU.Build.0 = Release|Any CPU
	EndGlobalSection
	GlobalSection(SolutionProperties) = preSolution
		HideSolutionNode = FALSE
	EndGlobalSection
EndGlobal
