
Microsoft Visual Studio Solution File, Format Version 12.00
# Visual Studio 2013
VisualStudioVersion = 12.0.30723.0
MinimumVisualStudioVersion = 10.0.40219.1
Project("{FAE04EC0-301F-11D3-BF4B-00C04F79EFBC}") = "01. BaseConversions", "BaseConversions\01. BaseConversions.csproj", "{B019EB27-65CF-4B84-A3C7-0D6A64B3A459}"
EndProject
Project("{FAE04EC0-301F-11D3-BF4B-00C04F79EFBC}") = "02. MathCalculations", "MathCalculations\02. MathCalculations.csproj", "{C9EDB239-46DE-4E17-A8FC-398CD0E52E57}"
EndProject
Project("{FAE04EC0-301F-11D3-BF4B-00C04F79EFBC}") = "03. BishopPathFinder", "BishopPathFinder\03. BishopPathFinder.csproj", "{81C8B30A-42D6-4BB1-B5A5-CC8D5ED775FE}"
EndProject
Global
	GlobalSection(SolutionConfigurationPlatforms) = preSolution
		Debug|Any CPU = Debug|Any CPU
		Release|Any CPU = Release|Any CPU
	EndGlobalSection
	GlobalSection(ProjectConfigurationPlatforms) = postSolution
		{B019EB27-65CF-4B84-A3C7-0D6A64B3A459}.Debug|Any CPU.ActiveCfg = Debug|Any CPU
		{B019EB27-65CF-4B84-A3C7-0D6A64B3A459}.Debug|Any CPU.Build.0 = Debug|Any CPU
		{B019EB27-65CF-4B84-A3C7-0D6A64B3A459}.Release|Any CPU.ActiveCfg = Release|Any CPU
		{B019EB27-65CF-4B84-A3C7-0D6A64B3A459}.Release|Any CPU.Build.0 = Release|Any CPU
		{C9EDB239-46DE-4E17-A8FC-398CD0E52E57}.Debug|Any CPU.ActiveCfg = Debug|Any CPU
		{C9EDB239-46DE-4E17-A8FC-398CD0E52E57}.Debug|Any CPU.Build.0 = Debug|Any CPU
		{C9EDB239-46DE-4E17-A8FC-398CD0E52E57}.Release|Any CPU.ActiveCfg = Release|Any CPU
		{C9EDB239-46DE-4E17-A8FC-398CD0E52E57}.Release|Any CPU.Build.0 = Release|Any CPU
		{81C8B30A-42D6-4BB1-B5A5-CC8D5ED775FE}.Debug|Any CPU.ActiveCfg = Debug|Any CPU
		{81C8B30A-42D6-4BB1-B5A5-CC8D5ED775FE}.Debug|Any CPU.Build.0 = Debug|Any CPU
		{81C8B30A-42D6-4BB1-B5A5-CC8D5ED775FE}.Release|Any CPU.ActiveCfg = Release|Any CPU
		{81C8B30A-42D6-4BB1-B5A5-CC8D5ED775FE}.Release|Any CPU.Build.0 = Release|Any CPU
	EndGlobalSection
	GlobalSection(SolutionProperties) = preSolution
		HideSolutionNode = FALSE
	EndGlobalSection
EndGlobal
