
Microsoft Visual Studio Solution File, Format Version 12.00
# Visual Studio 2013
VisualStudioVersion = 12.0.21005.1
MinimumVisualStudioVersion = 10.0.40219.1
Project("{FAE04EC0-301F-11D3-BF4B-00C04F79EFBC}") = "02. ArrayStatistics", "ArrayStatistics\02. ArrayStatistics.csproj", "{E5C301F6-E371-49B7-BD83-1D6FF5A46D8E}"
EndProject
Project("{FAE04EC0-301F-11D3-BF4B-00C04F79EFBC}") = "01. FigureRotation", "FigureRotation\01. FigureRotation.csproj", "{A9E09FB5-40B5-4D88-9BF7-2F7034B7C05D}"
EndProject
Global
	GlobalSection(SolutionConfigurationPlatforms) = preSolution
		Debug|Any CPU = Debug|Any CPU
		Release|Any CPU = Release|Any CPU
	EndGlobalSection
	GlobalSection(ProjectConfigurationPlatforms) = postSolution
		{E5C301F6-E371-49B7-BD83-1D6FF5A46D8E}.Debug|Any CPU.ActiveCfg = Debug|Any CPU
		{E5C301F6-E371-49B7-BD83-1D6FF5A46D8E}.Debug|Any CPU.Build.0 = Debug|Any CPU
		{E5C301F6-E371-49B7-BD83-1D6FF5A46D8E}.Release|Any CPU.ActiveCfg = Release|Any CPU
		{E5C301F6-E371-49B7-BD83-1D6FF5A46D8E}.Release|Any CPU.Build.0 = Release|Any CPU
		{A9E09FB5-40B5-4D88-9BF7-2F7034B7C05D}.Debug|Any CPU.ActiveCfg = Debug|Any CPU
		{A9E09FB5-40B5-4D88-9BF7-2F7034B7C05D}.Debug|Any CPU.Build.0 = Debug|Any CPU
		{A9E09FB5-40B5-4D88-9BF7-2F7034B7C05D}.Release|Any CPU.ActiveCfg = Release|Any CPU
		{A9E09FB5-40B5-4D88-9BF7-2F7034B7C05D}.Release|Any CPU.Build.0 = Release|Any CPU
	EndGlobalSection
	GlobalSection(SolutionProperties) = preSolution
		HideSolutionNode = FALSE
	EndGlobalSection
EndGlobal
