
Microsoft Visual Studio Solution File, Format Version 12.00
# Visual Studio 2013
VisualStudioVersion = 12.0.21005.1
MinimumVisualStudioVersion = 10.0.40219.1
Project("{FAE04EC0-301F-11D3-BF4B-00C04F79EFBC}") = "01. ExchangeIfGreater", "ExchangeIfGreater\01. ExchangeIfGreater.csproj", "{B52F0DD6-8572-4FCF-9E66-288097BB518C}"
EndProject
Project("{FAE04EC0-301F-11D3-BF4B-00C04F79EFBC}") = "02. BonusScore", "BonusScore\02. BonusScore.csproj", "{8E8A1FE2-4946-4F7A-AACB-AC9535FA7A1E}"
EndProject
Project("{FAE04EC0-301F-11D3-BF4B-00C04F79EFBC}") = "03. CheckForPlaycard", "CheckForPlaycard\03. CheckForPlaycard.csproj", "{438D6DFE-5E30-49BB-B95E-1CD6D5C99C27}"
EndProject
Project("{FAE04EC0-301F-11D3-BF4B-00C04F79EFBC}") = "04. MultiplicationSign", "MultiplicationSign\04. MultiplicationSign.csproj", "{8190690D-B361-49E2-B1CB-462652267DB9}"
EndProject
Project("{FAE04EC0-301F-11D3-BF4B-00C04F79EFBC}") = "05. TheBiggestOfThreeNumbers", "TheBiggestOfThreeNumbers\05. TheBiggestOfThreeNumbers.csproj", "{67EE319B-E8E5-4747-A352-C54896A916A9}"
EndProject
Project("{FAE04EC0-301F-11D3-BF4B-00C04F79EFBC}") = "06. TheBiggestOfFiveNumbers", "TheBiggestOfFiveNumbers\06. TheBiggestOfFiveNumbers.csproj", "{901174FF-B2E6-4F3F-9BAF-87EF20947FEC}"
EndProject
Project("{FAE04EC0-301F-11D3-BF4B-00C04F79EFBC}") = "07. SortThreeNumbersNested", "SortThreeNumbersNested\07. SortThreeNumbersNested.csproj", "{7D1308C5-4F5F-406D-A4A1-95CF98BB0AF4}"
EndProject
Project("{FAE04EC0-301F-11D3-BF4B-00C04F79EFBC}") = "DigitAsWord", "DigitAsWord\DigitAsWord.csproj", "{2BAE8AF8-06CB-423D-AD26-7809E0DDB12C}"
EndProject
Global
	GlobalSection(SolutionConfigurationPlatforms) = preSolution
		Debug|Any CPU = Debug|Any CPU
		Release|Any CPU = Release|Any CPU
	EndGlobalSection
	GlobalSection(ProjectConfigurationPlatforms) = postSolution
		{B52F0DD6-8572-4FCF-9E66-288097BB518C}.Debug|Any CPU.ActiveCfg = Debug|Any CPU
		{B52F0DD6-8572-4FCF-9E66-288097BB518C}.Debug|Any CPU.Build.0 = Debug|Any CPU
		{B52F0DD6-8572-4FCF-9E66-288097BB518C}.Release|Any CPU.ActiveCfg = Release|Any CPU
		{B52F0DD6-8572-4FCF-9E66-288097BB518C}.Release|Any CPU.Build.0 = Release|Any CPU
		{8E8A1FE2-4946-4F7A-AACB-AC9535FA7A1E}.Debug|Any CPU.ActiveCfg = Debug|Any CPU
		{8E8A1FE2-4946-4F7A-AACB-AC9535FA7A1E}.Debug|Any CPU.Build.0 = Debug|Any CPU
		{8E8A1FE2-4946-4F7A-AACB-AC9535FA7A1E}.Release|Any CPU.ActiveCfg = Release|Any CPU
		{8E8A1FE2-4946-4F7A-AACB-AC9535FA7A1E}.Release|Any CPU.Build.0 = Release|Any CPU
		{438D6DFE-5E30-49BB-B95E-1CD6D5C99C27}.Debug|Any CPU.ActiveCfg = Debug|Any CPU
		{438D6DFE-5E30-49BB-B95E-1CD6D5C99C27}.Debug|Any CPU.Build.0 = Debug|Any CPU
		{438D6DFE-5E30-49BB-B95E-1CD6D5C99C27}.Release|Any CPU.ActiveCfg = Release|Any CPU
		{438D6DFE-5E30-49BB-B95E-1CD6D5C99C27}.Release|Any CPU.Build.0 = Release|Any CPU
		{8190690D-B361-49E2-B1CB-462652267DB9}.Debug|Any CPU.ActiveCfg = Debug|Any CPU
		{8190690D-B361-49E2-B1CB-462652267DB9}.Debug|Any CPU.Build.0 = Debug|Any CPU
		{8190690D-B361-49E2-B1CB-462652267DB9}.Release|Any CPU.ActiveCfg = Release|Any CPU
		{8190690D-B361-49E2-B1CB-462652267DB9}.Release|Any CPU.Build.0 = Release|Any CPU
		{67EE319B-E8E5-4747-A352-C54896A916A9}.Debug|Any CPU.ActiveCfg = Debug|Any CPU
		{67EE319B-E8E5-4747-A352-C54896A916A9}.Debug|Any CPU.Build.0 = Debug|Any CPU
		{67EE319B-E8E5-4747-A352-C54896A916A9}.Release|Any CPU.ActiveCfg = Release|Any CPU
		{67EE319B-E8E5-4747-A352-C54896A916A9}.Release|Any CPU.Build.0 = Release|Any CPU
		{901174FF-B2E6-4F3F-9BAF-87EF20947FEC}.Debug|Any CPU.ActiveCfg = Debug|Any CPU
		{901174FF-B2E6-4F3F-9BAF-87EF20947FEC}.Debug|Any CPU.Build.0 = Debug|Any CPU
		{901174FF-B2E6-4F3F-9BAF-87EF20947FEC}.Release|Any CPU.ActiveCfg = Release|Any CPU
		{901174FF-B2E6-4F3F-9BAF-87EF20947FEC}.Release|Any CPU.Build.0 = Release|Any CPU
		{7D1308C5-4F5F-406D-A4A1-95CF98BB0AF4}.Debug|Any CPU.ActiveCfg = Debug|Any CPU
		{7D1308C5-4F5F-406D-A4A1-95CF98BB0AF4}.Debug|Any CPU.Build.0 = Debug|Any CPU
		{7D1308C5-4F5F-406D-A4A1-95CF98BB0AF4}.Release|Any CPU.ActiveCfg = Release|Any CPU
		{7D1308C5-4F5F-406D-A4A1-95CF98BB0AF4}.Release|Any CPU.Build.0 = Release|Any CPU
		{2BAE8AF8-06CB-423D-AD26-7809E0DDB12C}.Debug|Any CPU.ActiveCfg = Debug|Any CPU
		{2BAE8AF8-06CB-423D-AD26-7809E0DDB12C}.Debug|Any CPU.Build.0 = Debug|Any CPU
		{2BAE8AF8-06CB-423D-AD26-7809E0DDB12C}.Release|Any CPU.ActiveCfg = Release|Any CPU
		{2BAE8AF8-06CB-423D-AD26-7809E0DDB12C}.Release|Any CPU.Build.0 = Release|Any CPU
	EndGlobalSection
	GlobalSection(SolutionProperties) = preSolution
		HideSolutionNode = FALSE
	EndGlobalSection
EndGlobal
