
Microsoft Visual Studio Solution File, Format Version 12.00
# Visual Studio 2013
VisualStudioVersion = 12.0.30723.0
MinimumVisualStudioVersion = 10.0.40219.1
Project("{FAE04EC0-301F-11D3-BF4B-00C04F79EFBC}") = "01. TreeOperations", "TreeOperations\01. TreeOperations.csproj", "{E9B8966E-E1F5-44BB-A74B-B2F3EBD9111B}"
EndProject
Project("{FAE04EC0-301F-11D3-BF4B-00C04F79EFBC}") = "02. DisplayAllExecutables", "DisplayAllExecutables\02. DisplayAllExecutables.csproj", "{6AD43051-DB86-4DAA-B375-B2A3D8E113FA}"
EndProject
Project("{FAE04EC0-301F-11D3-BF4B-00C04F79EFBC}") = "03. FileSystemTree", "FileSystemTree\03. FileSystemTree.csproj", "{A27E52B3-A7B0-412A-91EB-7DB8AA6FA1A8}"
EndProject
Global
	GlobalSection(SolutionConfigurationPlatforms) = preSolution
		Debug|Any CPU = Debug|Any CPU
		Release|Any CPU = Release|Any CPU
	EndGlobalSection
	GlobalSection(ProjectConfigurationPlatforms) = postSolution
		{E9B8966E-E1F5-44BB-A74B-B2F3EBD9111B}.Debug|Any CPU.ActiveCfg = Debug|Any CPU
		{E9B8966E-E1F5-44BB-A74B-B2F3EBD9111B}.Debug|Any CPU.Build.0 = Debug|Any CPU
		{E9B8966E-E1F5-44BB-A74B-B2F3EBD9111B}.Release|Any CPU.ActiveCfg = Release|Any CPU
		{E9B8966E-E1F5-44BB-A74B-B2F3EBD9111B}.Release|Any CPU.Build.0 = Release|Any CPU
		{6AD43051-DB86-4DAA-B375-B2A3D8E113FA}.Debug|Any CPU.ActiveCfg = Debug|Any CPU
		{6AD43051-DB86-4DAA-B375-B2A3D8E113FA}.Debug|Any CPU.Build.0 = Debug|Any CPU
		{6AD43051-DB86-4DAA-B375-B2A3D8E113FA}.Release|Any CPU.ActiveCfg = Release|Any CPU
		{6AD43051-DB86-4DAA-B375-B2A3D8E113FA}.Release|Any CPU.Build.0 = Release|Any CPU
		{A27E52B3-A7B0-412A-91EB-7DB8AA6FA1A8}.Debug|Any CPU.ActiveCfg = Debug|Any CPU
		{A27E52B3-A7B0-412A-91EB-7DB8AA6FA1A8}.Debug|Any CPU.Build.0 = Debug|Any CPU
		{A27E52B3-A7B0-412A-91EB-7DB8AA6FA1A8}.Release|Any CPU.ActiveCfg = Release|Any CPU
		{A27E52B3-A7B0-412A-91EB-7DB8AA6FA1A8}.Release|Any CPU.Build.0 = Release|Any CPU
	EndGlobalSection
	GlobalSection(SolutionProperties) = preSolution
		HideSolutionNode = FALSE
	EndGlobalSection
EndGlobal
