
Microsoft Visual Studio Solution File, Format Version 12.00
# Visual Studio 2013
VisualStudioVersion = 12.0.21005.1
MinimumVisualStudioVersion = 10.0.40219.1
Project("{FAE04EC0-301F-11D3-BF4B-00C04F79EFBC}") = "01. AllocateArray", "AllocateArray\01. AllocateArray.csproj", "{EFE6229D-1F44-4C5C-9684-3F7917D3784B}"
EndProject
Project("{FAE04EC0-301F-11D3-BF4B-00C04F79EFBC}") = "02. CompareArrays", "CompareArrays\02. CompareArrays.csproj", "{E17979BE-249A-45D7-8ACA-ACA1AD6CBE13}"
EndProject
Project("{FAE04EC0-301F-11D3-BF4B-00C04F79EFBC}") = "03. CompareCharArrays", "CompareCharArrays\03. CompareCharArrays.csproj", "{2E4CB8B7-0544-4B73-9F26-1AA39B11EEBF}"
EndProject
Project("{FAE04EC0-301F-11D3-BF4B-00C04F79EFBC}") = "04. MaximalSequence", "MaximalSequence\04. MaximalSequence.csproj", "{BFDE0DB7-8001-4557-B533-45FB2327E58A}"
EndProject
Project("{FAE04EC0-301F-11D3-BF4B-00C04F79EFBC}") = "05. MaximalIncreasingSequence", "MaximalIncreasingSequence\05. MaximalIncreasingSequence.csproj", "{746E881D-3104-490D-8E93-9129FE33AAF1}"
EndProject
Project("{FAE04EC0-301F-11D3-BF4B-00C04F79EFBC}") = "06. MaximalKSum", "MaximalKSum\06. MaximalKSum.csproj", "{05D59C41-FED8-4F7A-9C42-8E9E2AD68585}"
EndProject
Project("{FAE04EC0-301F-11D3-BF4B-00C04F79EFBC}") = "07. SelectionSort", "SelectionSort\07. SelectionSort.csproj", "{54981B61-A48C-4088-8E96-80F2283CE539}"
EndProject
Project("{FAE04EC0-301F-11D3-BF4B-00C04F79EFBC}") = "08. MaximalSum", "MaximalSum\08. MaximalSum.csproj", "{2ABC8A59-D5EB-4E69-98F9-CD5076C19E78}"
EndProject
Project("{FAE04EC0-301F-11D3-BF4B-00C04F79EFBC}") = "09. FrequentNumber", "FrequentNumber\09. FrequentNumber.csproj", "{4CA7FF1F-3B59-4B9C-AF81-3A07CB618F46}"
EndProject
Project("{FAE04EC0-301F-11D3-BF4B-00C04F79EFBC}") = "10. SumInArray", "SumInArray\10. SumInArray.csproj", "{F8551A10-4BCB-43B5-AC67-BCE5AF9E37E2}"
EndProject
Project("{FAE04EC0-301F-11D3-BF4B-00C04F79EFBC}") = "11. BinarySearch", "BinarySearch\11. BinarySearch.csproj", "{B39BD46F-7752-4E9D-886D-37347899E9F9}"
EndProject
Project("{FAE04EC0-301F-11D3-BF4B-00C04F79EFBC}") = "12. LettersIndices", "LettersIndices\12. LettersIndices.csproj", "{7CF35C87-8BFB-488D-9279-BC5FF158ACC1}"
EndProject
Project("{FAE04EC0-301F-11D3-BF4B-00C04F79EFBC}") = "13. MergeSort", "MergeSort\13. MergeSort.csproj", "{32B8A52E-6FE7-41CB-B1EE-96C2EE1F8C58}"
EndProject
Project("{FAE04EC0-301F-11D3-BF4B-00C04F79EFBC}") = "14. QuickSort", "QuickSort\14. QuickSort.csproj", "{10CEBCE5-1C99-4746-9E15-A5C4A7C8327A}"
EndProject
Project("{FAE04EC0-301F-11D3-BF4B-00C04F79EFBC}") = "15. PrimeNumbers", "PrimeNumbers\15. PrimeNumbers.csproj", "{39AF7A22-0673-4901-A4B0-0C8DFD9061FC}"
EndProject
Project("{FAE04EC0-301F-11D3-BF4B-00C04F79EFBC}") = "16. SumAsSubset", "SumAsSubset\16. SumAsSubset.csproj", "{F24037DF-A5E1-449D-942B-B4883408AF30}"
EndProject
Project("{FAE04EC0-301F-11D3-BF4B-00C04F79EFBC}") = "17. SumAsSubsetK", "SumAsSubsetK\17. SumAsSubsetK.csproj", "{2DF02482-C61A-4DE0-9332-0D7FDB6DF190}"
EndProject
Project("{FAE04EC0-301F-11D3-BF4B-00C04F79EFBC}") = "18. RemoveArrayElements", "RemoveArrayElements\18. RemoveArrayElements.csproj", "{7907C759-8661-44BE-BEE5-66FAC0A3E32C}"
EndProject
Project("{FAE04EC0-301F-11D3-BF4B-00C04F79EFBC}") = "19. Permutations", "Permutations\19. Permutations.csproj", "{1C1677FE-FB64-47CC-9F7E-A36AF441741D}"
EndProject
Project("{FAE04EC0-301F-11D3-BF4B-00C04F79EFBC}") = "20. Variations", "Variations\20. Variations.csproj", "{3CE7AF22-CCFF-4DC6-B4DB-DE6BD1D417CB}"
EndProject
Project("{FAE04EC0-301F-11D3-BF4B-00C04F79EFBC}") = "21. Combinations", "Combinations\21. Combinations.csproj", "{A3647BBF-6BC1-4CB9-A868-28C5F1D24129}"
EndProject
Global
	GlobalSection(SolutionConfigurationPlatforms) = preSolution
		Debug|Any CPU = Debug|Any CPU
		Release|Any CPU = Release|Any CPU
	EndGlobalSection
	GlobalSection(ProjectConfigurationPlatforms) = postSolution
		{EFE6229D-1F44-4C5C-9684-3F7917D3784B}.Debug|Any CPU.ActiveCfg = Debug|Any CPU
		{EFE6229D-1F44-4C5C-9684-3F7917D3784B}.Debug|Any CPU.Build.0 = Debug|Any CPU
		{EFE6229D-1F44-4C5C-9684-3F7917D3784B}.Release|Any CPU.ActiveCfg = Release|Any CPU
		{EFE6229D-1F44-4C5C-9684-3F7917D3784B}.Release|Any CPU.Build.0 = Release|Any CPU
		{E17979BE-249A-45D7-8ACA-ACA1AD6CBE13}.Debug|Any CPU.ActiveCfg = Debug|Any CPU
		{E17979BE-249A-45D7-8ACA-ACA1AD6CBE13}.Debug|Any CPU.Build.0 = Debug|Any CPU
		{E17979BE-249A-45D7-8ACA-ACA1AD6CBE13}.Release|Any CPU.ActiveCfg = Release|Any CPU
		{E17979BE-249A-45D7-8ACA-ACA1AD6CBE13}.Release|Any CPU.Build.0 = Release|Any CPU
		{2E4CB8B7-0544-4B73-9F26-1AA39B11EEBF}.Debug|Any CPU.ActiveCfg = Debug|Any CPU
		{2E4CB8B7-0544-4B73-9F26-1AA39B11EEBF}.Debug|Any CPU.Build.0 = Debug|Any CPU
		{2E4CB8B7-0544-4B73-9F26-1AA39B11EEBF}.Release|Any CPU.ActiveCfg = Release|Any CPU
		{2E4CB8B7-0544-4B73-9F26-1AA39B11EEBF}.Release|Any CPU.Build.0 = Release|Any CPU
		{BFDE0DB7-8001-4557-B533-45FB2327E58A}.Debug|Any CPU.ActiveCfg = Debug|Any CPU
		{BFDE0DB7-8001-4557-B533-45FB2327E58A}.Debug|Any CPU.Build.0 = Debug|Any CPU
		{BFDE0DB7-8001-4557-B533-45FB2327E58A}.Release|Any CPU.ActiveCfg = Release|Any CPU
		{BFDE0DB7-8001-4557-B533-45FB2327E58A}.Release|Any CPU.Build.0 = Release|Any CPU
		{746E881D-3104-490D-8E93-9129FE33AAF1}.Debug|Any CPU.ActiveCfg = Debug|Any CPU
		{746E881D-3104-490D-8E93-9129FE33AAF1}.Debug|Any CPU.Build.0 = Debug|Any CPU
		{746E881D-3104-490D-8E93-9129FE33AAF1}.Release|Any CPU.ActiveCfg = Release|Any CPU
		{746E881D-3104-490D-8E93-9129FE33AAF1}.Release|Any CPU.Build.0 = Release|Any CPU
		{05D59C41-FED8-4F7A-9C42-8E9E2AD68585}.Debug|Any CPU.ActiveCfg = Debug|Any CPU
		{05D59C41-FED8-4F7A-9C42-8E9E2AD68585}.Debug|Any CPU.Build.0 = Debug|Any CPU
		{05D59C41-FED8-4F7A-9C42-8E9E2AD68585}.Release|Any CPU.ActiveCfg = Release|Any CPU
		{05D59C41-FED8-4F7A-9C42-8E9E2AD68585}.Release|Any CPU.Build.0 = Release|Any CPU
		{54981B61-A48C-4088-8E96-80F2283CE539}.Debug|Any CPU.ActiveCfg = Debug|Any CPU
		{54981B61-A48C-4088-8E96-80F2283CE539}.Debug|Any CPU.Build.0 = Debug|Any CPU
		{54981B61-A48C-4088-8E96-80F2283CE539}.Release|Any CPU.ActiveCfg = Release|Any CPU
		{54981B61-A48C-4088-8E96-80F2283CE539}.Release|Any CPU.Build.0 = Release|Any CPU
		{2ABC8A59-D5EB-4E69-98F9-CD5076C19E78}.Debug|Any CPU.ActiveCfg = Debug|Any CPU
		{2ABC8A59-D5EB-4E69-98F9-CD5076C19E78}.Debug|Any CPU.Build.0 = Debug|Any CPU
		{2ABC8A59-D5EB-4E69-98F9-CD5076C19E78}.Release|Any CPU.ActiveCfg = Release|Any CPU
		{2ABC8A59-D5EB-4E69-98F9-CD5076C19E78}.Release|Any CPU.Build.0 = Release|Any CPU
		{4CA7FF1F-3B59-4B9C-AF81-3A07CB618F46}.Debug|Any CPU.ActiveCfg = Debug|Any CPU
		{4CA7FF1F-3B59-4B9C-AF81-3A07CB618F46}.Debug|Any CPU.Build.0 = Debug|Any CPU
		{4CA7FF1F-3B59-4B9C-AF81-3A07CB618F46}.Release|Any CPU.ActiveCfg = Release|Any CPU
		{4CA7FF1F-3B59-4B9C-AF81-3A07CB618F46}.Release|Any CPU.Build.0 = Release|Any CPU
		{F8551A10-4BCB-43B5-AC67-BCE5AF9E37E2}.Debug|Any CPU.ActiveCfg = Debug|Any CPU
		{F8551A10-4BCB-43B5-AC67-BCE5AF9E37E2}.Debug|Any CPU.Build.0 = Debug|Any CPU
		{F8551A10-4BCB-43B5-AC67-BCE5AF9E37E2}.Release|Any CPU.ActiveCfg = Release|Any CPU
		{F8551A10-4BCB-43B5-AC67-BCE5AF9E37E2}.Release|Any CPU.Build.0 = Release|Any CPU
		{B39BD46F-7752-4E9D-886D-37347899E9F9}.Debug|Any CPU.ActiveCfg = Debug|Any CPU
		{B39BD46F-7752-4E9D-886D-37347899E9F9}.Debug|Any CPU.Build.0 = Debug|Any CPU
		{B39BD46F-7752-4E9D-886D-37347899E9F9}.Release|Any CPU.ActiveCfg = Release|Any CPU
		{B39BD46F-7752-4E9D-886D-37347899E9F9}.Release|Any CPU.Build.0 = Release|Any CPU
		{7CF35C87-8BFB-488D-9279-BC5FF158ACC1}.Debug|Any CPU.ActiveCfg = Debug|Any CPU
		{7CF35C87-8BFB-488D-9279-BC5FF158ACC1}.Debug|Any CPU.Build.0 = Debug|Any CPU
		{7CF35C87-8BFB-488D-9279-BC5FF158ACC1}.Release|Any CPU.ActiveCfg = Release|Any CPU
		{7CF35C87-8BFB-488D-9279-BC5FF158ACC1}.Release|Any CPU.Build.0 = Release|Any CPU
		{32B8A52E-6FE7-41CB-B1EE-96C2EE1F8C58}.Debug|Any CPU.ActiveCfg = Debug|Any CPU
		{32B8A52E-6FE7-41CB-B1EE-96C2EE1F8C58}.Debug|Any CPU.Build.0 = Debug|Any CPU
		{32B8A52E-6FE7-41CB-B1EE-96C2EE1F8C58}.Release|Any CPU.ActiveCfg = Release|Any CPU
		{32B8A52E-6FE7-41CB-B1EE-96C2EE1F8C58}.Release|Any CPU.Build.0 = Release|Any CPU
		{10CEBCE5-1C99-4746-9E15-A5C4A7C8327A}.Debug|Any CPU.ActiveCfg = Debug|Any CPU
		{10CEBCE5-1C99-4746-9E15-A5C4A7C8327A}.Debug|Any CPU.Build.0 = Debug|Any CPU
		{10CEBCE5-1C99-4746-9E15-A5C4A7C8327A}.Release|Any CPU.ActiveCfg = Release|Any CPU
		{10CEBCE5-1C99-4746-9E15-A5C4A7C8327A}.Release|Any CPU.Build.0 = Release|Any CPU
		{39AF7A22-0673-4901-A4B0-0C8DFD9061FC}.Debug|Any CPU.ActiveCfg = Debug|Any CPU
		{39AF7A22-0673-4901-A4B0-0C8DFD9061FC}.Debug|Any CPU.Build.0 = Debug|Any CPU
		{39AF7A22-0673-4901-A4B0-0C8DFD9061FC}.Release|Any CPU.ActiveCfg = Release|Any CPU
		{39AF7A22-0673-4901-A4B0-0C8DFD9061FC}.Release|Any CPU.Build.0 = Release|Any CPU
		{F24037DF-A5E1-449D-942B-B4883408AF30}.Debug|Any CPU.ActiveCfg = Debug|Any CPU
		{F24037DF-A5E1-449D-942B-B4883408AF30}.Debug|Any CPU.Build.0 = Debug|Any CPU
		{F24037DF-A5E1-449D-942B-B4883408AF30}.Release|Any CPU.ActiveCfg = Release|Any CPU
		{F24037DF-A5E1-449D-942B-B4883408AF30}.Release|Any CPU.Build.0 = Release|Any CPU
		{2DF02482-C61A-4DE0-9332-0D7FDB6DF190}.Debug|Any CPU.ActiveCfg = Debug|Any CPU
		{2DF02482-C61A-4DE0-9332-0D7FDB6DF190}.Debug|Any CPU.Build.0 = Debug|Any CPU
		{2DF02482-C61A-4DE0-9332-0D7FDB6DF190}.Release|Any CPU.ActiveCfg = Release|Any CPU
		{2DF02482-C61A-4DE0-9332-0D7FDB6DF190}.Release|Any CPU.Build.0 = Release|Any CPU
		{7907C759-8661-44BE-BEE5-66FAC0A3E32C}.Debug|Any CPU.ActiveCfg = Debug|Any CPU
		{7907C759-8661-44BE-BEE5-66FAC0A3E32C}.Debug|Any CPU.Build.0 = Debug|Any CPU
		{7907C759-8661-44BE-BEE5-66FAC0A3E32C}.Release|Any CPU.ActiveCfg = Release|Any CPU
		{7907C759-8661-44BE-BEE5-66FAC0A3E32C}.Release|Any CPU.Build.0 = Release|Any CPU
		{1C1677FE-FB64-47CC-9F7E-A36AF441741D}.Debug|Any CPU.ActiveCfg = Debug|Any CPU
		{1C1677FE-FB64-47CC-9F7E-A36AF441741D}.Debug|Any CPU.Build.0 = Debug|Any CPU
		{1C1677FE-FB64-47CC-9F7E-A36AF441741D}.Release|Any CPU.ActiveCfg = Release|Any CPU
		{1C1677FE-FB64-47CC-9F7E-A36AF441741D}.Release|Any CPU.Build.0 = Release|Any CPU
		{3CE7AF22-CCFF-4DC6-B4DB-DE6BD1D417CB}.Debug|Any CPU.ActiveCfg = Debug|Any CPU
		{3CE7AF22-CCFF-4DC6-B4DB-DE6BD1D417CB}.Debug|Any CPU.Build.0 = Debug|Any CPU
		{3CE7AF22-CCFF-4DC6-B4DB-DE6BD1D417CB}.Release|Any CPU.ActiveCfg = Release|Any CPU
		{3CE7AF22-CCFF-4DC6-B4DB-DE6BD1D417CB}.Release|Any CPU.Build.0 = Release|Any CPU
		{A3647BBF-6BC1-4CB9-A868-28C5F1D24129}.Debug|Any CPU.ActiveCfg = Debug|Any CPU
		{A3647BBF-6BC1-4CB9-A868-28C5F1D24129}.Debug|Any CPU.Build.0 = Debug|Any CPU
		{A3647BBF-6BC1-4CB9-A868-28C5F1D24129}.Release|Any CPU.ActiveCfg = Release|Any CPU
		{A3647BBF-6BC1-4CB9-A868-28C5F1D24129}.Release|Any CPU.Build.0 = Release|Any CPU
	EndGlobalSection
	GlobalSection(SolutionProperties) = preSolution
		HideSolutionNode = FALSE
	EndGlobalSection
EndGlobal
