
Microsoft Visual Studio Solution File, Format Version 12.00
# Visual Studio 2013
VisualStudioVersion = 12.0.21005.1
MinimumVisualStudioVersion = 10.0.40219.1
Project("{FAE04EC0-301F-11D3-BF4B-00C04F79EFBC}") = "01. StudentClass", "StudentClass\01. StudentClass.csproj", "{1AB075F9-3CB2-406B-90A1-5644A7FD9B8C}"
EndProject
Project("{FAE04EC0-301F-11D3-BF4B-00C04F79EFBC}") = "02. Person", "Person\02. Person.csproj", "{C166762C-CD5C-4638-A848-7A7A0E181D11}"
EndProject
Project("{FAE04EC0-301F-11D3-BF4B-00C04F79EFBC}") = "05. BitArray", "BitArray\05. BitArray.csproj", "{1025E806-447F-4453-9C5F-240016169E6D}"
EndProject
Global
	GlobalSection(SolutionConfigurationPlatforms) = preSolution
		Debug|Any CPU = Debug|Any CPU
		Release|Any CPU = Release|Any CPU
	EndGlobalSection
	GlobalSection(ProjectConfigurationPlatforms) = postSolution
		{1AB075F9-3CB2-406B-90A1-5644A7FD9B8C}.Debug|Any CPU.ActiveCfg = Debug|Any CPU
		{1AB075F9-3CB2-406B-90A1-5644A7FD9B8C}.Debug|Any CPU.Build.0 = Debug|Any CPU
		{1AB075F9-3CB2-406B-90A1-5644A7FD9B8C}.Release|Any CPU.ActiveCfg = Release|Any CPU
		{1AB075F9-3CB2-406B-90A1-5644A7FD9B8C}.Release|Any CPU.Build.0 = Release|Any CPU
		{C166762C-CD5C-4638-A848-7A7A0E181D11}.Debug|Any CPU.ActiveCfg = Debug|Any CPU
		{C166762C-CD5C-4638-A848-7A7A0E181D11}.Debug|Any CPU.Build.0 = Debug|Any CPU
		{C166762C-CD5C-4638-A848-7A7A0E181D11}.Release|Any CPU.ActiveCfg = Release|Any CPU
		{C166762C-CD5C-4638-A848-7A7A0E181D11}.Release|Any CPU.Build.0 = Release|Any CPU
		{1025E806-447F-4453-9C5F-240016169E6D}.Debug|Any CPU.ActiveCfg = Debug|Any CPU
		{1025E806-447F-4453-9C5F-240016169E6D}.Debug|Any CPU.Build.0 = Debug|Any CPU
		{1025E806-447F-4453-9C5F-240016169E6D}.Release|Any CPU.ActiveCfg = Release|Any CPU
		{1025E806-447F-4453-9C5F-240016169E6D}.Release|Any CPU.Build.0 = Release|Any CPU
	EndGlobalSection
	GlobalSection(SolutionProperties) = preSolution
		HideSolutionNode = FALSE
	EndGlobalSection
EndGlobal
