
Microsoft Visual Studio Solution File, Format Version 12.00
# Visual Studio 2013
VisualStudioVersion = 12.0.21005.1
MinimumVisualStudioVersion = 10.0.40219.1
Project("{FAE04EC0-301F-11D3-BF4B-00C04F79EFBC}") = "01. Point", "Point\01. Point.csproj", "{91D1CBA4-2388-4758-B7A9-197C69B5DCB1}"
EndProject
Project("{FAE04EC0-301F-11D3-BF4B-00C04F79EFBC}") = "02. GenericList", "GenericList\02. GenericList.csproj", "{0AF04170-AC88-49A3-9F87-105478051B70}"
EndProject
Project("{FAE04EC0-301F-11D3-BF4B-00C04F79EFBC}") = "03. Matrix", "Matrix\03. Matrix.csproj", "{FF797EC6-436D-4B93-9048-EAE418C48A82}"
EndProject
Project("{FAE04EC0-301F-11D3-BF4B-00C04F79EFBC}") = "04. VersionAttribute", "VersionAttribute\04. VersionAttribute.csproj", "{18A93C12-C66C-450D-8812-10FB47CA0DA5}"
EndProject
Global
	GlobalSection(SolutionConfigurationPlatforms) = preSolution
		Debug|Any CPU = Debug|Any CPU
		Release|Any CPU = Release|Any CPU
	EndGlobalSection
	GlobalSection(ProjectConfigurationPlatforms) = postSolution
		{91D1CBA4-2388-4758-B7A9-197C69B5DCB1}.Debug|Any CPU.ActiveCfg = Debug|Any CPU
		{91D1CBA4-2388-4758-B7A9-197C69B5DCB1}.Debug|Any CPU.Build.0 = Debug|Any CPU
		{91D1CBA4-2388-4758-B7A9-197C69B5DCB1}.Release|Any CPU.ActiveCfg = Release|Any CPU
		{91D1CBA4-2388-4758-B7A9-197C69B5DCB1}.Release|Any CPU.Build.0 = Release|Any CPU
		{0AF04170-AC88-49A3-9F87-105478051B70}.Debug|Any CPU.ActiveCfg = Debug|Any CPU
		{0AF04170-AC88-49A3-9F87-105478051B70}.Debug|Any CPU.Build.0 = Debug|Any CPU
		{0AF04170-AC88-49A3-9F87-105478051B70}.Release|Any CPU.ActiveCfg = Release|Any CPU
		{0AF04170-AC88-49A3-9F87-105478051B70}.Release|Any CPU.Build.0 = Release|Any CPU
		{FF797EC6-436D-4B93-9048-EAE418C48A82}.Debug|Any CPU.ActiveCfg = Debug|Any CPU
		{FF797EC6-436D-4B93-9048-EAE418C48A82}.Debug|Any CPU.Build.0 = Debug|Any CPU
		{FF797EC6-436D-4B93-9048-EAE418C48A82}.Release|Any CPU.ActiveCfg = Release|Any CPU
		{FF797EC6-436D-4B93-9048-EAE418C48A82}.Release|Any CPU.Build.0 = Release|Any CPU
		{18A93C12-C66C-450D-8812-10FB47CA0DA5}.Debug|Any CPU.ActiveCfg = Debug|Any CPU
		{18A93C12-C66C-450D-8812-10FB47CA0DA5}.Debug|Any CPU.Build.0 = Debug|Any CPU
		{18A93C12-C66C-450D-8812-10FB47CA0DA5}.Release|Any CPU.ActiveCfg = Release|Any CPU
		{18A93C12-C66C-450D-8812-10FB47CA0DA5}.Release|Any CPU.Build.0 = Release|Any CPU
	EndGlobalSection
	GlobalSection(SolutionProperties) = preSolution
		HideSolutionNode = FALSE
	EndGlobalSection
EndGlobal
