
Microsoft Visual Studio Solution File, Format Version 12.00
# Visual Studio 2013
VisualStudioVersion = 12.0.21005.1
MinimumVisualStudioVersion = 10.0.40219.1
Project("{FAE04EC0-301F-11D3-BF4B-00C04F79EFBC}") = "01. KaspichanNumbers", "KaspichanNumbers\01. KaspichanNumbers.csproj", "{ABB043D8-87B8-455C-A078-633B790A200D}"
EndProject
Project("{FAE04EC0-301F-11D3-BF4B-00C04F79EFBC}") = "02. GreedyDwarf", "GreedyDwarf\02. GreedyDwarf.csproj", "{8BAFEB17-2B02-450F-8125-CB3B04023EDA}"
EndProject
Global
	GlobalSection(SolutionConfigurationPlatforms) = preSolution
		Debug|Any CPU = Debug|Any CPU
		Release|Any CPU = Release|Any CPU
	EndGlobalSection
	GlobalSection(ProjectConfigurationPlatforms) = postSolution
		{ABB043D8-87B8-455C-A078-633B790A200D}.Debug|Any CPU.ActiveCfg = Debug|Any CPU
		{ABB043D8-87B8-455C-A078-633B790A200D}.Debug|Any CPU.Build.0 = Debug|Any CPU
		{ABB043D8-87B8-455C-A078-633B790A200D}.Release|Any CPU.ActiveCfg = Release|Any CPU
		{ABB043D8-87B8-455C-A078-633B790A200D}.Release|Any CPU.Build.0 = Release|Any CPU
		{8BAFEB17-2B02-450F-8125-CB3B04023EDA}.Debug|Any CPU.ActiveCfg = Debug|Any CPU
		{8BAFEB17-2B02-450F-8125-CB3B04023EDA}.Debug|Any CPU.Build.0 = Debug|Any CPU
		{8BAFEB17-2B02-450F-8125-CB3B04023EDA}.Release|Any CPU.ActiveCfg = Release|Any CPU
		{8BAFEB17-2B02-450F-8125-CB3B04023EDA}.Release|Any CPU.Build.0 = Release|Any CPU
	EndGlobalSection
	GlobalSection(SolutionProperties) = preSolution
		HideSolutionNode = FALSE
	EndGlobalSection
EndGlobal
