
Microsoft Visual Studio Solution File, Format Version 12.00
# Visual Studio 2013
VisualStudioVersion = 12.0.30723.0
MinimumVisualStudioVersion = 10.0.40219.1
Project("{FAE04EC0-301F-11D3-BF4B-00C04F79EFBC}") = "01. Cooking", "Cooking\01. Cooking.csproj", "{04F2C9CE-8561-4EFB-BB45-1A928F034E39}"
EndProject
Project("{FAE04EC0-301F-11D3-BF4B-00C04F79EFBC}") = "02. IfStatementsRefactoring", "IfStatementsRefactoring\02. IfStatementsRefactoring.csproj", "{1127D12C-1663-40AB-B78E-26AF7E22D3B5}"
EndProject
Project("{FAE04EC0-301F-11D3-BF4B-00C04F79EFBC}") = "03. ForLoopRefactoring", "ForLoopRefactoring\03. ForLoopRefactoring.csproj", "{73416550-A5DE-4C5E-B903-B60191CEED0F}"
EndProject
Global
	GlobalSection(SolutionConfigurationPlatforms) = preSolution
		Debug|Any CPU = Debug|Any CPU
		Release|Any CPU = Release|Any CPU
	EndGlobalSection
	GlobalSection(ProjectConfigurationPlatforms) = postSolution
		{04F2C9CE-8561-4EFB-BB45-1A928F034E39}.Debug|Any CPU.ActiveCfg = Debug|Any CPU
		{04F2C9CE-8561-4EFB-BB45-1A928F034E39}.Debug|Any CPU.Build.0 = Debug|Any CPU
		{04F2C9CE-8561-4EFB-BB45-1A928F034E39}.Release|Any CPU.ActiveCfg = Release|Any CPU
		{04F2C9CE-8561-4EFB-BB45-1A928F034E39}.Release|Any CPU.Build.0 = Release|Any CPU
		{1127D12C-1663-40AB-B78E-26AF7E22D3B5}.Debug|Any CPU.ActiveCfg = Debug|Any CPU
		{1127D12C-1663-40AB-B78E-26AF7E22D3B5}.Debug|Any CPU.Build.0 = Debug|Any CPU
		{1127D12C-1663-40AB-B78E-26AF7E22D3B5}.Release|Any CPU.ActiveCfg = Release|Any CPU
		{1127D12C-1663-40AB-B78E-26AF7E22D3B5}.Release|Any CPU.Build.0 = Release|Any CPU
		{73416550-A5DE-4C5E-B903-B60191CEED0F}.Debug|Any CPU.ActiveCfg = Debug|Any CPU
		{73416550-A5DE-4C5E-B903-B60191CEED0F}.Debug|Any CPU.Build.0 = Debug|Any CPU
		{73416550-A5DE-4C5E-B903-B60191CEED0F}.Release|Any CPU.ActiveCfg = Release|Any CPU
		{73416550-A5DE-4C5E-B903-B60191CEED0F}.Release|Any CPU.Build.0 = Release|Any CPU
	EndGlobalSection
	GlobalSection(SolutionProperties) = preSolution
		HideSolutionNode = FALSE
	EndGlobalSection
EndGlobal
