
Microsoft Visual Studio Solution File, Format Version 12.00
# Visual Studio 2013
VisualStudioVersion = 12.0.21005.1
MinimumVisualStudioVersion = 10.0.40219.1
Project("{FAE04EC0-301F-11D3-BF4B-00C04F79EFBC}") = "01. OddEvenIntegers", "OddEvenIntegers\01. OddEvenIntegers.csproj", "{1AC34602-5E9E-4855-A97D-58B731E4E2E2}"
EndProject
Project("{FAE04EC0-301F-11D3-BF4B-00C04F79EFBC}") = "02. GravitationOnTheMoon", "GravitationOnTheMoon\02. GravitationOnTheMoon.csproj", "{152F5DA1-F8B9-44E7-A557-63693C758BF7}"
EndProject
Project("{FAE04EC0-301F-11D3-BF4B-00C04F79EFBC}") = "03. DivideBySevenAndFive", "DivideBySevenAndFive\03. DivideBySevenAndFive.csproj", "{BFDAC4B3-BF30-4183-A082-6D103C9BE1FB}"
EndProject
Project("{FAE04EC0-301F-11D3-BF4B-00C04F79EFBC}") = "04. Rectangles", "Rectangles\04. Rectangles.csproj", "{7A2C2E8E-DE07-43FE-B9F9-92AD49AF2762}"
EndProject
Project("{FAE04EC0-301F-11D3-BF4B-00C04F79EFBC}") = "05. IsThirdDigitSeven", "IsThirdDigitSeven\05. IsThirdDigitSeven.csproj", "{3EDD4F22-9424-48F5-A093-6071B716119B}"
EndProject
Project("{FAE04EC0-301F-11D3-BF4B-00C04F79EFBC}") = "06. FourDigitNumber", "FourDigitNumber\06. FourDigitNumber.csproj", "{F5013945-6305-4DA1-B53D-6BFFB4A316F8}"
EndProject
Project("{FAE04EC0-301F-11D3-BF4B-00C04F79EFBC}") = "07. PointInCircle", "PointInCircle\07. PointInCircle.csproj", "{182A9AE6-EF5C-4031-86B6-3BF79D2B8895}"
EndProject
Project("{FAE04EC0-301F-11D3-BF4B-00C04F79EFBC}") = "08. PrimeNumberCheck", "PrimeNumberCheck\08. PrimeNumberCheck.csproj", "{F12CE018-6B2C-47DF-889D-97876E4E634E}"
EndProject
Project("{FAE04EC0-301F-11D3-BF4B-00C04F79EFBC}") = "09. Trapezoids", "Trapezoids\09. Trapezoids.csproj", "{4D150674-3173-4A33-9F75-4C57722D3EF6}"
EndProject
Project("{FAE04EC0-301F-11D3-BF4B-00C04F79EFBC}") = "10. PointInCircleOutsideRect", "PointInCircleOutsideRect\10. PointInCircleOutsideRect.csproj", "{5696C2E1-4D93-4F96-82DD-1583717E336C}"
EndProject
Project("{FAE04EC0-301F-11D3-BF4B-00C04F79EFBC}") = "11. ExtractThirdBit", "ExtractThirdBit\11. ExtractThirdBit.csproj", "{BB5DB2BB-2ED4-43AC-AD42-5C94B7F91E46}"
EndProject
Project("{FAE04EC0-301F-11D3-BF4B-00C04F79EFBC}") = "12. ExtractBitFromInteger", "ExtractBitFromInteger\12. ExtractBitFromInteger.csproj", "{C6FB0B7C-8828-4F1E-91F1-42724C405317}"
EndProject
Project("{FAE04EC0-301F-11D3-BF4B-00C04F79EFBC}") = "13. CheckBitAtPos", "CheckBitAtPos\13. CheckBitAtPos.csproj", "{2AA3E1F7-4089-4D2F-99B0-D33205E69CB3}"
EndProject
Project("{FAE04EC0-301F-11D3-BF4B-00C04F79EFBC}") = "14. ModifyBitAtPos", "ModifyBitAtPos\14. ModifyBitAtPos.csproj", "{1843CF67-4350-4EF9-82DA-1758D315EAE0}"
EndProject
Global
	GlobalSection(SolutionConfigurationPlatforms) = preSolution
		Debug|Any CPU = Debug|Any CPU
		Release|Any CPU = Release|Any CPU
	EndGlobalSection
	GlobalSection(ProjectConfigurationPlatforms) = postSolution
		{1AC34602-5E9E-4855-A97D-58B731E4E2E2}.Debug|Any CPU.ActiveCfg = Debug|Any CPU
		{1AC34602-5E9E-4855-A97D-58B731E4E2E2}.Debug|Any CPU.Build.0 = Debug|Any CPU
		{1AC34602-5E9E-4855-A97D-58B731E4E2E2}.Release|Any CPU.ActiveCfg = Release|Any CPU
		{1AC34602-5E9E-4855-A97D-58B731E4E2E2}.Release|Any CPU.Build.0 = Release|Any CPU
		{152F5DA1-F8B9-44E7-A557-63693C758BF7}.Debug|Any CPU.ActiveCfg = Debug|Any CPU
		{152F5DA1-F8B9-44E7-A557-63693C758BF7}.Debug|Any CPU.Build.0 = Debug|Any CPU
		{152F5DA1-F8B9-44E7-A557-63693C758BF7}.Release|Any CPU.ActiveCfg = Release|Any CPU
		{152F5DA1-F8B9-44E7-A557-63693C758BF7}.Release|Any CPU.Build.0 = Release|Any CPU
		{BFDAC4B3-BF30-4183-A082-6D103C9BE1FB}.Debug|Any CPU.ActiveCfg = Debug|Any CPU
		{BFDAC4B3-BF30-4183-A082-6D103C9BE1FB}.Debug|Any CPU.Build.0 = Debug|Any CPU
		{BFDAC4B3-BF30-4183-A082-6D103C9BE1FB}.Release|Any CPU.ActiveCfg = Release|Any CPU
		{BFDAC4B3-BF30-4183-A082-6D103C9BE1FB}.Release|Any CPU.Build.0 = Release|Any CPU
		{7A2C2E8E-DE07-43FE-B9F9-92AD49AF2762}.Debug|Any CPU.ActiveCfg = Debug|Any CPU
		{7A2C2E8E-DE07-43FE-B9F9-92AD49AF2762}.Debug|Any CPU.Build.0 = Debug|Any CPU
		{7A2C2E8E-DE07-43FE-B9F9-92AD49AF2762}.Release|Any CPU.ActiveCfg = Release|Any CPU
		{7A2C2E8E-DE07-43FE-B9F9-92AD49AF2762}.Release|Any CPU.Build.0 = Release|Any CPU
		{3EDD4F22-9424-48F5-A093-6071B716119B}.Debug|Any CPU.ActiveCfg = Debug|Any CPU
		{3EDD4F22-9424-48F5-A093-6071B716119B}.Debug|Any CPU.Build.0 = Debug|Any CPU
		{3EDD4F22-9424-48F5-A093-6071B716119B}.Release|Any CPU.ActiveCfg = Release|Any CPU
		{3EDD4F22-9424-48F5-A093-6071B716119B}.Release|Any CPU.Build.0 = Release|Any CPU
		{F5013945-6305-4DA1-B53D-6BFFB4A316F8}.Debug|Any CPU.ActiveCfg = Debug|Any CPU
		{F5013945-6305-4DA1-B53D-6BFFB4A316F8}.Debug|Any CPU.Build.0 = Debug|Any CPU
		{F5013945-6305-4DA1-B53D-6BFFB4A316F8}.Release|Any CPU.ActiveCfg = Release|Any CPU
		{F5013945-6305-4DA1-B53D-6BFFB4A316F8}.Release|Any CPU.Build.0 = Release|Any CPU
		{182A9AE6-EF5C-4031-86B6-3BF79D2B8895}.Debug|Any CPU.ActiveCfg = Debug|Any CPU
		{182A9AE6-EF5C-4031-86B6-3BF79D2B8895}.Debug|Any CPU.Build.0 = Debug|Any CPU
		{182A9AE6-EF5C-4031-86B6-3BF79D2B8895}.Release|Any CPU.ActiveCfg = Release|Any CPU
		{182A9AE6-EF5C-4031-86B6-3BF79D2B8895}.Release|Any CPU.Build.0 = Release|Any CPU
		{F12CE018-6B2C-47DF-889D-97876E4E634E}.Debug|Any CPU.ActiveCfg = Debug|Any CPU
		{F12CE018-6B2C-47DF-889D-97876E4E634E}.Debug|Any CPU.Build.0 = Debug|Any CPU
		{F12CE018-6B2C-47DF-889D-97876E4E634E}.Release|Any CPU.ActiveCfg = Release|Any CPU
		{F12CE018-6B2C-47DF-889D-97876E4E634E}.Release|Any CPU.Build.0 = Release|Any CPU
		{4D150674-3173-4A33-9F75-4C57722D3EF6}.Debug|Any CPU.ActiveCfg = Debug|Any CPU
		{4D150674-3173-4A33-9F75-4C57722D3EF6}.Debug|Any CPU.Build.0 = Debug|Any CPU
		{4D150674-3173-4A33-9F75-4C57722D3EF6}.Release|Any CPU.ActiveCfg = Release|Any CPU
		{4D150674-3173-4A33-9F75-4C57722D3EF6}.Release|Any CPU.Build.0 = Release|Any CPU
		{5696C2E1-4D93-4F96-82DD-1583717E336C}.Debug|Any CPU.ActiveCfg = Debug|Any CPU
		{5696C2E1-4D93-4F96-82DD-1583717E336C}.Debug|Any CPU.Build.0 = Debug|Any CPU
		{5696C2E1-4D93-4F96-82DD-1583717E336C}.Release|Any CPU.ActiveCfg = Release|Any CPU
		{5696C2E1-4D93-4F96-82DD-1583717E336C}.Release|Any CPU.Build.0 = Release|Any CPU
		{BB5DB2BB-2ED4-43AC-AD42-5C94B7F91E46}.Debug|Any CPU.ActiveCfg = Debug|Any CPU
		{BB5DB2BB-2ED4-43AC-AD42-5C94B7F91E46}.Debug|Any CPU.Build.0 = Debug|Any CPU
		{BB5DB2BB-2ED4-43AC-AD42-5C94B7F91E46}.Release|Any CPU.ActiveCfg = Release|Any CPU
		{BB5DB2BB-2ED4-43AC-AD42-5C94B7F91E46}.Release|Any CPU.Build.0 = Release|Any CPU
		{C6FB0B7C-8828-4F1E-91F1-42724C405317}.Debug|Any CPU.ActiveCfg = Debug|Any CPU
		{C6FB0B7C-8828-4F1E-91F1-42724C405317}.Debug|Any CPU.Build.0 = Debug|Any CPU
		{C6FB0B7C-8828-4F1E-91F1-42724C405317}.Release|Any CPU.ActiveCfg = Release|Any CPU
		{C6FB0B7C-8828-4F1E-91F1-42724C405317}.Release|Any CPU.Build.0 = Release|Any CPU
		{2AA3E1F7-4089-4D2F-99B0-D33205E69CB3}.Debug|Any CPU.ActiveCfg = Debug|Any CPU
		{2AA3E1F7-4089-4D2F-99B0-D33205E69CB3}.Debug|Any CPU.Build.0 = Debug|Any CPU
		{2AA3E1F7-4089-4D2F-99B0-D33205E69CB3}.Release|Any CPU.ActiveCfg = Release|Any CPU
		{2AA3E1F7-4089-4D2F-99B0-D33205E69CB3}.Release|Any CPU.Build.0 = Release|Any CPU
		{1843CF67-4350-4EF9-82DA-1758D315EAE0}.Debug|Any CPU.ActiveCfg = Debug|Any CPU
		{1843CF67-4350-4EF9-82DA-1758D315EAE0}.Debug|Any CPU.Build.0 = Debug|Any CPU
		{1843CF67-4350-4EF9-82DA-1758D315EAE0}.Release|Any CPU.ActiveCfg = Release|Any CPU
		{1843CF67-4350-4EF9-82DA-1758D315EAE0}.Release|Any CPU.Build.0 = Release|Any CPU
	EndGlobalSection
	GlobalSection(SolutionProperties) = preSolution
		HideSolutionNode = FALSE
	EndGlobalSection
EndGlobal
