
Microsoft Visual Studio Solution File, Format Version 12.00
# Visual Studio 2013
VisualStudioVersion = 12.0.21005.1
MinimumVisualStudioVersion = 10.0.40219.1
Project("{FAE04EC0-301F-11D3-BF4B-00C04F79EFBC}") = "01. StringBuilderExtensions", "StringBuilderExtensions\01. StringBuilderExtensions.csproj", "{4CFB1577-5F52-4EDB-8843-C5721EFA7A32}"
EndProject
Project("{FAE04EC0-301F-11D3-BF4B-00C04F79EFBC}") = "02. IEnumerableExtensions", "IEnumerableExtensions\02. IEnumerableExtensions.csproj", "{7DF109F7-8716-45CD-A195-2EC4D1520FD7}"
EndProject
Project("{FAE04EC0-301F-11D3-BF4B-00C04F79EFBC}") = "03. FirstBeforeLast", "FirstBeforeLast\03. FirstBeforeLast.csproj", "{C61BBC95-9092-4E90-8519-0A9A08B71E82}"
EndProject
Project("{FAE04EC0-301F-11D3-BF4B-00C04F79EFBC}") = "04. AgeRange", "AgeRange\04. AgeRange.csproj", "{23FC6A00-8F85-4181-94A1-23F80165897C}"
EndProject
Project("{FAE04EC0-301F-11D3-BF4B-00C04F79EFBC}") = "05. OrderStudents", "OrderStudents\05. OrderStudents.csproj", "{228BEA7A-1068-4818-92AD-C52B45CD28D2}"
EndProject
Project("{FAE04EC0-301F-11D3-BF4B-00C04F79EFBC}") = "06. DivisibleBySevenAndThree", "DivisibleBySevenAndThree\06. DivisibleBySevenAndThree.csproj", "{FFE2453B-9A52-478E-BC02-364F02DBDA35}"
EndProject
Project("{FAE04EC0-301F-11D3-BF4B-00C04F79EFBC}") = "07. Timer", "Timer\07. Timer.csproj", "{A547F9E5-4CA6-450D-954F-2DE51673F466}"
EndProject
Project("{FAE04EC0-301F-11D3-BF4B-00C04F79EFBC}") = "09-19 StudentGroups", "StudentGroups\09-19 StudentGroups.csproj", "{84BCC9D8-513A-4FDF-A30B-8B90D06A5948}"
EndProject
Project("{FAE04EC0-301F-11D3-BF4B-00C04F79EFBC}") = "17. LongestString", "LongestString\17. LongestString.csproj", "{17EA2E42-540F-45F9-9C0C-5BF713802828}"
EndProject
Global
	GlobalSection(SolutionConfigurationPlatforms) = preSolution
		Debug|Any CPU = Debug|Any CPU
		Release|Any CPU = Release|Any CPU
	EndGlobalSection
	GlobalSection(ProjectConfigurationPlatforms) = postSolution
		{4CFB1577-5F52-4EDB-8843-C5721EFA7A32}.Debug|Any CPU.ActiveCfg = Debug|Any CPU
		{4CFB1577-5F52-4EDB-8843-C5721EFA7A32}.Debug|Any CPU.Build.0 = Debug|Any CPU
		{4CFB1577-5F52-4EDB-8843-C5721EFA7A32}.Release|Any CPU.ActiveCfg = Release|Any CPU
		{4CFB1577-5F52-4EDB-8843-C5721EFA7A32}.Release|Any CPU.Build.0 = Release|Any CPU
		{7DF109F7-8716-45CD-A195-2EC4D1520FD7}.Debug|Any CPU.ActiveCfg = Debug|Any CPU
		{7DF109F7-8716-45CD-A195-2EC4D1520FD7}.Debug|Any CPU.Build.0 = Debug|Any CPU
		{7DF109F7-8716-45CD-A195-2EC4D1520FD7}.Release|Any CPU.ActiveCfg = Release|Any CPU
		{7DF109F7-8716-45CD-A195-2EC4D1520FD7}.Release|Any CPU.Build.0 = Release|Any CPU
		{C61BBC95-9092-4E90-8519-0A9A08B71E82}.Debug|Any CPU.ActiveCfg = Debug|Any CPU
		{C61BBC95-9092-4E90-8519-0A9A08B71E82}.Debug|Any CPU.Build.0 = Debug|Any CPU
		{C61BBC95-9092-4E90-8519-0A9A08B71E82}.Release|Any CPU.ActiveCfg = Release|Any CPU
		{C61BBC95-9092-4E90-8519-0A9A08B71E82}.Release|Any CPU.Build.0 = Release|Any CPU
		{23FC6A00-8F85-4181-94A1-23F80165897C}.Debug|Any CPU.ActiveCfg = Debug|Any CPU
		{23FC6A00-8F85-4181-94A1-23F80165897C}.Debug|Any CPU.Build.0 = Debug|Any CPU
		{23FC6A00-8F85-4181-94A1-23F80165897C}.Release|Any CPU.ActiveCfg = Release|Any CPU
		{23FC6A00-8F85-4181-94A1-23F80165897C}.Release|Any CPU.Build.0 = Release|Any CPU
		{228BEA7A-1068-4818-92AD-C52B45CD28D2}.Debug|Any CPU.ActiveCfg = Debug|Any CPU
		{228BEA7A-1068-4818-92AD-C52B45CD28D2}.Debug|Any CPU.Build.0 = Debug|Any CPU
		{228BEA7A-1068-4818-92AD-C52B45CD28D2}.Release|Any CPU.ActiveCfg = Release|Any CPU
		{228BEA7A-1068-4818-92AD-C52B45CD28D2}.Release|Any CPU.Build.0 = Release|Any CPU
		{FFE2453B-9A52-478E-BC02-364F02DBDA35}.Debug|Any CPU.ActiveCfg = Debug|Any CPU
		{FFE2453B-9A52-478E-BC02-364F02DBDA35}.Debug|Any CPU.Build.0 = Debug|Any CPU
		{FFE2453B-9A52-478E-BC02-364F02DBDA35}.Release|Any CPU.ActiveCfg = Release|Any CPU
		{FFE2453B-9A52-478E-BC02-364F02DBDA35}.Release|Any CPU.Build.0 = Release|Any CPU
		{A547F9E5-4CA6-450D-954F-2DE51673F466}.Debug|Any CPU.ActiveCfg = Debug|Any CPU
		{A547F9E5-4CA6-450D-954F-2DE51673F466}.Debug|Any CPU.Build.0 = Debug|Any CPU
		{A547F9E5-4CA6-450D-954F-2DE51673F466}.Release|Any CPU.ActiveCfg = Release|Any CPU
		{A547F9E5-4CA6-450D-954F-2DE51673F466}.Release|Any CPU.Build.0 = Release|Any CPU
		{84BCC9D8-513A-4FDF-A30B-8B90D06A5948}.Debug|Any CPU.ActiveCfg = Debug|Any CPU
		{84BCC9D8-513A-4FDF-A30B-8B90D06A5948}.Debug|Any CPU.Build.0 = Debug|Any CPU
		{84BCC9D8-513A-4FDF-A30B-8B90D06A5948}.Release|Any CPU.ActiveCfg = Release|Any CPU
		{84BCC9D8-513A-4FDF-A30B-8B90D06A5948}.Release|Any CPU.Build.0 = Release|Any CPU
		{17EA2E42-540F-45F9-9C0C-5BF713802828}.Debug|Any CPU.ActiveCfg = Debug|Any CPU
		{17EA2E42-540F-45F9-9C0C-5BF713802828}.Debug|Any CPU.Build.0 = Debug|Any CPU
		{17EA2E42-540F-45F9-9C0C-5BF713802828}.Release|Any CPU.ActiveCfg = Release|Any CPU
		{17EA2E42-540F-45F9-9C0C-5BF713802828}.Release|Any CPU.Build.0 = Release|Any CPU
	EndGlobalSection
	GlobalSection(SolutionProperties) = preSolution
		HideSolutionNode = FALSE
	EndGlobalSection
EndGlobal
