
Microsoft Visual Studio Solution File, Format Version 12.00
# Visual Studio 2013
VisualStudioVersion = 12.0.30723.0
MinimumVisualStudioVersion = 10.0.40219.1
Project("{FAE04EC0-301F-11D3-BF4B-00C04F79EFBC}") = "RotatingWalkInMatrix", "RotatingWalkInMatrix\RotatingWalkInMatrix.csproj", "{4332DB7C-AABD-4A91-B0FA-75844F602B28}"
EndProject
Project("{FAE04EC0-301F-11D3-BF4B-00C04F79EFBC}") = "RotatingWalkInMatrix.Tests", "RotatingWalkInMatrix.Tests\RotatingWalkInMatrix.Tests.csproj", "{9A69FDD0-DEBC-4F26-8B44-F8031E7E7C1C}"
EndProject
Global
	GlobalSection(SolutionConfigurationPlatforms) = preSolution
		Debug|Any CPU = Debug|Any CPU
		Release|Any CPU = Release|Any CPU
	EndGlobalSection
	GlobalSection(ProjectConfigurationPlatforms) = postSolution
		{4332DB7C-AABD-4A91-B0FA-75844F602B28}.Debug|Any CPU.ActiveCfg = Debug|Any CPU
		{4332DB7C-AABD-4A91-B0FA-75844F602B28}.Debug|Any CPU.Build.0 = Debug|Any CPU
		{4332DB7C-AABD-4A91-B0FA-75844F602B28}.Release|Any CPU.ActiveCfg = Release|Any CPU
		{4332DB7C-AABD-4A91-B0FA-75844F602B28}.Release|Any CPU.Build.0 = Release|Any CPU
		{9A69FDD0-DEBC-4F26-8B44-F8031E7E7C1C}.Debug|Any CPU.ActiveCfg = Debug|Any CPU
		{9A69FDD0-DEBC-4F26-8B44-F8031E7E7C1C}.Debug|Any CPU.Build.0 = Debug|Any CPU
		{9A69FDD0-DEBC-4F26-8B44-F8031E7E7C1C}.Release|Any CPU.ActiveCfg = Release|Any CPU
		{9A69FDD0-DEBC-4F26-8B44-F8031E7E7C1C}.Release|Any CPU.Build.0 = Release|Any CPU
	EndGlobalSection
	GlobalSection(SolutionProperties) = preSolution
		HideSolutionNode = FALSE
	EndGlobalSection
EndGlobal
